<?xml version="1.0" encoding="utf-8"?>
<Project ToolsVersion="4.0" xmlns="http://schemas.microsoft.com/developer/msbuild/2003">
  <ItemGroup>
    <Filter Include="Source Files">
      <UniqueIdentifier>{4FC737F1-C7A5-4376-A066-2A32D752A2FF}</UniqueIdentifier>
      <Extensions>cpp;c;cc;cxx;c++;cppm;ixx;def;odl;idl;hpj;bat;asm;asmx</Extensions>
    </Filter>
    <Filter Include="Header Files">
      <UniqueIdentifier>{93995380-89BD-4b04-88EB-625FBE52EBFB}</UniqueIdentifier>
      <Extensions>h;hh;hpp;hxx;h++;hm;inl;inc;ipp;xsd</Extensions>
    </Filter>
    <Filter Include="Resource Files">
      <UniqueIdentifier>{67DA6AB6-F800-4c08-8B7A-83BB121AAD01}</UniqueIdentifier>
      <Extensions>rc;ico;cur;bmp;dlg;rc2;rct;bin;rgs;gif;jpg;jpeg;jpe;resx;tiff;tif;png;wav;mfcribbon-ms</Extensions>
    </Filter>
    <Filter Include="Header Files\Layers">
      <UniqueIdentifier>{7265749e-298d-4914-a8b6-ad2b90912f11}</UniqueIdentifier>
    </Filter>
    <Filter Include="Source Files\Layers">
      <UniqueIdentifier>{cd16564b-80cf-4198-a7fc-82385fdebcf9}</UniqueIdentifier>
    </Filter>
    <Filter Include="Source Files\Entities">
      <UniqueIdentifier>{e080b970-a08b-4a85-b734-96be4f5a9a8e}</UniqueIdentifier>
    </Filter>
    <Filter Include="Header Files\Entity">
      <UniqueIdentifier>{51297fbd-5cf9-4579-bbef-7107ee051304}</UniqueIdentifier>
    </Filter>
    <Filter Include="Header Files\Entity\Weapons">
      <UniqueIdentifier>{8f831886-4f00-4d8e-bef5-440d4a620c09}</UniqueIdentifier>
    </Filter>
    <Filter Include="Source Files\Entities\Weapons">
      <UniqueIdentifier>{bed47091-5571-4f04-a210-d43398e0b1fe}</UniqueIdentifier>
    </Filter>
  </ItemGroup>
  <ItemGroup>
    <ClInclude Include="Game.h">
      <Filter>Header Files</Filter>
    </ClInclude>
    <ClInclude Include="Entities\Entity.h">
      <Filter>Header Files\Entity</Filter>
    </ClInclude>
    <ClInclude Include="Layers\Layer.h">
      <Filter>Header Files\Layers</Filter>
    </ClInclude>
    <ClInclude Include="Layers\GameLayer.h">
      <Filter>Header Files\Layers</Filter>
    </ClInclude>
    <ClInclude Include="Entities\Tile.h">
      <Filter>Header Files\Entity</Filter>
    </ClInclude>
    <ClInclude Include="Entities\Player.h">
      <Filter>Header Files\Entity</Filter>
    </ClInclude>
    <ClInclude Include="Physics\Space.h">
      <Filter>Header Files</Filter>
    </ClInclude>
    <ClInclude Include="Entities\Animation.h">
      <Filter>Header Files\Entity</Filter>
    </ClInclude>
    <ClInclude Include="Entities\Projectile.h">
      <Filter>Header Files\Entity</Filter>
    </ClInclude>
    <ClInclude Include="Entities\Weapon.h">
      <Filter>Header Files\Entity\Weapons</Filter>
    </ClInclude>
    <ClInclude Include="Entities\Wand.h">
      <Filter>Header Files\Entity\Weapons</Filter>
    </ClInclude>
    <ClInclude Include="Entities\Bow.h">
      <Filter>Header Files\Entity\Weapons</Filter>
    </ClInclude>
    <ClInclude Include="Entities\TripleWand.h">
      <Filter>Header Files\Entity\Weapons</Filter>
    </ClInclude>
  </ItemGroup>
  <ItemGroup>
    <ClCompile Include="Game.cpp">
      <Filter>Source Files</Filter>
    </ClCompile>
    <ClCompile Include="main.cpp">
      <Filter>Source Files</Filter>
    </ClCompile>
    <ClCompile Include="Entities\Entity.cpp">
      <Filter>Source Files\Entities</Filter>
    </ClCompile>
    <ClCompile Include="Layers\GameLayer.cpp">
      <Filter>Source Files\Layers</Filter>
    </ClCompile>
    <ClCompile Include="Entities\Tile.cpp">
      <Filter>Source Files\Entities</Filter>
    </ClCompile>
    <ClCompile Include="Entities\Player.cpp">
      <Filter>Source Files\Entities</Filter>
    </ClCompile>
    <ClCompile Include="Layers\Layer.cpp">
      <Filter>Source Files\Layers</Filter>
    </ClCompile>
    <ClCompile Include="Physics\Space.cpp">
      <Filter>Source Files</Filter>
    </ClCompile>
    <ClCompile Include="Entities\Animation.cpp">
      <Filter>Source Files\Entities</Filter>
    </ClCompile>
    <ClCompile Include="Entities\Projectile.cpp">
      <Filter>Source Files\Entities</Filter>
    </ClCompile>
    <ClCompile Include="Entities\Weapon.cpp">
      <Filter>Source Files\Entities\Weapons</Filter>
    </ClCompile>
    <ClCompile Include="Entities\Wand.cpp">
      <Filter>Source Files\Entities\Weapons</Filter>
    </ClCompile>
    <ClCompile Include="Entities\Bow.cpp">
      <Filter>Source Files\Entities\Weapons</Filter>
    </ClCompile>
    <ClCompile Include="Entities\TripleWand.cpp">
      <Filter>Source Files\Entities\Weapons</Filter>
    </ClCompile>
  </ItemGroup>
  <ItemGroup>
    <Image Include="rcs\player.png">
      <Filter>Resource Files</Filter>
    </Image>
  </ItemGroup>
</Project>